
Microsoft Visual Studio Solution File, Format Version 12.00
# Visual Studio Version 16
VisualStudioVersion = 16.0.30523.141
MinimumVisualStudioVersion = 10.0.40219.1
Project("{8BC9CEB8-8B4A-11D0-8D11-00A0C91BC942}") = "LB__1", "LB__1.vcxproj", "{B08A1CEE-9385-4601-AA65-58205D7A4783}"
EndProject
Project("{8BC9CEB8-8B4A-11D0-8D11-00A0C91BC942}") = "Main", "Main\Main.vcxproj", "{DBD1E4A8-15E5-4547-A051-C1C440A310E8}"
EndProject
Global
	GlobalSection(SolutionConfigurationPlatforms) = preSolution
		Debug|x64 = Debug|x64
		Debug|x86 = Debug|x86
		Release|x64 = Release|x64
		Release|x86 = Release|x86
	EndGlobalSection
	GlobalSection(ProjectConfigurationPlatforms) = postSolution
		{B08A1CEE-9385-4601-AA65-58205D7A4783}.Debug|x64.ActiveCfg = Debug|x64
		{B08A1CEE-9385-4601-AA65-58205D7A4783}.Debug|x64.Build.0 = Debug|x64
		{B08A1CEE-9385-4601-AA65-58205D7A4783}.Debug|x86.ActiveCfg = Debug|Win32
		{B08A1CEE-9385-4601-AA65-58205D7A4783}.Debug|x86.Build.0 = Debug|Win32
		{B08A1CEE-9385-4601-AA65-58205D7A4783}.Release|x64.ActiveCfg = Release|x64
		{B08A1CEE-9385-4601-AA65-58205D7A4783}.Release|x64.Build.0 = Release|x64
		{B08A1CEE-9385-4601-AA65-58205D7A4783}.Release|x86.ActiveCfg = Release|Win32
		{B08A1CEE-9385-4601-AA65-58205D7A4783}.Release|x86.Build.0 = Release|Win32
		{DBD1E4A8-15E5-4547-A051-C1C440A310E8}.Debug|x64.ActiveCfg = Debug|x64
		{DBD1E4A8-15E5-4547-A051-C1C440A310E8}.Debug|x64.Build.0 = Debug|x64
		{DBD1E4A8-15E5-4547-A051-C1C440A310E8}.Debug|x86.ActiveCfg = Debug|Win32
		{DBD1E4A8-15E5-4547-A051-C1C440A310E8}.Debug|x86.Build.0 = Debug|Win32
		{DBD1E4A8-15E5-4547-A051-C1C440A310E8}.Release|x64.ActiveCfg = Release|x64
		{DBD1E4A8-15E5-4547-A051-C1C440A310E8}.Release|x64.Build.0 = Release|x64
		{DBD1E4A8-15E5-4547-A051-C1C440A310E8}.Release|x86.ActiveCfg = Release|Win32
		{DBD1E4A8-15E5-4547-A051-C1C440A310E8}.Release|x86.Build.0 = Release|Win32
	EndGlobalSection
	GlobalSection(SolutionProperties) = preSolution
		HideSolutionNode = FALSE
	EndGlobalSection
	GlobalSection(ExtensibilityGlobals) = postSolution
		SolutionGuid = {B80F8C0B-808E-44ED-A773-94B8E2C5E89E}
	EndGlobalSection
EndGlobal
